
Microsoft Visual Studio Solution File, Format Version 12.00
# Visual Studio Version 17
VisualStudioVersion = 17.14.36203.30
MinimumVisualStudioVersion = 10.0.40219.1
Project("{FAE04EC0-301F-11D3-BF4B-00C04F79EFBC}") = "zalohovaci_system", "zalohovaci_system\zalohovaci_system.csproj", "{02632B9D-768A-40B7-87A8-DB75019A75DE}"
EndProject
Project("{FAE04EC0-301F-11D3-BF4B-00C04F79EFBC}") = "zalohovaci_system_editor", "zalohovaci_system_editor\zalohovaci_system_editor.csproj", "{DB04AA74-9307-42A8-AC86-7E44F8E4548D}"
	ProjectSection(ProjectDependencies) = postProject
		{02632B9D-768A-40B7-87A8-DB75019A75DE} = {02632B9D-768A-40B7-87A8-DB75019A75DE}
	EndProjectSection
EndProject
Global
	GlobalSection(SolutionConfigurationPlatforms) = preSolution
		Debug|Any CPU = Debug|Any CPU
		Release|Any CPU = Release|Any CPU
	EndGlobalSection
	GlobalSection(ProjectConfigurationPlatforms) = postSolution
		{02632B9D-768A-40B7-87A8-DB75019A75DE}.Debug|Any CPU.ActiveCfg = Debug|Any CPU
		{02632B9D-768A-40B7-87A8-DB75019A75DE}.Debug|Any CPU.Build.0 = Debug|Any CPU
		{02632B9D-768A-40B7-87A8-DB75019A75DE}.Release|Any CPU.ActiveCfg = Release|Any CPU
		{02632B9D-768A-40B7-87A8-DB75019A75DE}.Release|Any CPU.Build.0 = Release|Any CPU
		{DB04AA74-9307-42A8-AC86-7E44F8E4548D}.Debug|Any CPU.ActiveCfg = Debug|Any CPU
		{DB04AA74-9307-42A8-AC86-7E44F8E4548D}.Debug|Any CPU.Build.0 = Debug|Any CPU
		{DB04AA74-9307-42A8-AC86-7E44F8E4548D}.Release|Any CPU.ActiveCfg = Release|Any CPU
		{DB04AA74-9307-42A8-AC86-7E44F8E4548D}.Release|Any CPU.Build.0 = Release|Any CPU
	EndGlobalSection
	GlobalSection(SolutionProperties) = preSolution
		HideSolutionNode = FALSE
	EndGlobalSection
	GlobalSection(ExtensibilityGlobals) = postSolution
		SolutionGuid = {97AE0E83-0743-4D6D-AFB6-0E4E0CB30574}
	EndGlobalSection
EndGlobal
